{
    "_readme": [
        "This file locks the dependencies of your project to a known state",
        "Read more about it at https://getcomposer.org/doc/01-basic-usage.md#installing-dependencies",
        "This file is @generated automatically"
    ],
    "content-hash": "bb7aabfab83699feb1ac5ea68837774a",
    "packages": [
        {
            "name": "omniva/api-lib",
            "version": "dev-master",
            "source": {
                "type": "git",
                "url": "git@github.com:mijora/omniva-api.git",
                "reference": "12ae41a80cb6317e533965feb77886c476feab13"
            },
            "dist": {
                "type": "zip",
                "url": "https://api.github.com/repos/mijora/omniva-api/zipball/12ae41a80cb6317e533965feb77886c476feab13",
                "reference": "12ae41a80cb6317e533965feb77886c476feab13",
                "shasum": ""
            },
            "require": {
                "ext-curl": "*",
                "ext-json": "*"
            },
            "default-branch": true,
            "type": "library",
            "autoload": {
                "psr-4": {
                    "OmnivaApi\\": "src/"
                }
            },
            "license": [
                "#"
            ],
            "description": "library for Omniva api",
            "support": {
                "source": "https://github.com/mijora/omniva-api/tree/master",
                "issues": "https://github.com/mijora/omniva-api/issues"
            },
            "time": "2021-12-27T11:07:22+00:00"
        }
    ],
    "packages-dev": [],
    "aliases": [],
    "minimum-stability": "stable",
    "stability-flags": {
        "omniva/api-lib": 20
    },
    "prefer-stable": false,
    "prefer-lowest": false,
    "platform": [],
    "platform-dev": [],
    "plugin-api-version": "2.1.0"
}
